
Microsoft Visual Studio Solution File, Format Version 12.00
Project("{FAE04EC0-301F-11D3-BF4B-00C04F79EFBC}") = "SpeedControlSystem", "SpeedControlSystem\SpeedControlSystem.csproj", "{2B118881-7DA4-4C36-B811-FE1AF02ACEDE}"
EndProject
Global
	GlobalSection(SolutionConfigurationPlatforms) = preSolution
		Debug|Any CPU = Debug|Any CPU
		Release|Any CPU = Release|Any CPU
	EndGlobalSection
	GlobalSection(ProjectConfigurationPlatforms) = postSolution
		{2B118881-7DA4-4C36-B811-FE1AF02ACEDE}.Debug|Any CPU.ActiveCfg = Debug|Any CPU
		{2B118881-7DA4-4C36-B811-FE1AF02ACEDE}.Debug|Any CPU.Build.0 = Debug|Any CPU
		{2B118881-7DA4-4C36-B811-FE1AF02ACEDE}.Release|Any CPU.ActiveCfg = Release|Any CPU
		{2B118881-7DA4-4C36-B811-FE1AF02ACEDE}.Release|Any CPU.Build.0 = Release|Any CPU
	EndGlobalSection
EndGlobal
